// !$*UTF8*$!
{
	archiveVersion = 1;
	classes = {
	};
	objectVersion = 46;
	objects = {

/* Begin PBXAggregateTarget section */
		7255356B575D4E9AB739AFF8 /* ALL_BUILD */ = {
			isa = PBXAggregateTarget;
			buildConfigurationList = 73BB5F094DA24367A49437D7 /* Build configuration list for PBXAggregateTarget "ALL_BUILD" */;
			buildPhases = (
				5672104431774DBFB645A415 /* CMake Rules */,
			);
			dependencies = (
				96AFE12D95C4453EA9591FC3 /* PBXTargetDependency */,
				957B9C0A08234DF48A99F00C /* PBXTargetDependency */,
			);
			name = ALL_BUILD;
			productName = ALL_BUILD;
		};
		A415FB6E63294EE6B23AC117 /* ZERO_CHECK */ = {
			isa = PBXAggregateTarget;
			buildConfigurationList = 169DE5FEAB594D66B12D574A /* Build configuration list for PBXAggregateTarget "ZERO_CHECK" */;
			buildPhases = (
				DD6766305D6649E193B3078B /* CMake Rules */,
			);
			dependencies = (
			);
			name = ZERO_CHECK;
			productName = ZERO_CHECK;
		};
/* End PBXAggregateTarget section */

/* Begin PBXBuildFile section */
		0A494819D4E94DAE83484198 /* Shaders.cpp in Sources */ = {isa = PBXBuildFile; fileRef = 4426951A2E8246188233E2AF /* Shaders.cpp */; settings = {COMPILER_FLAGS = ""; }; };
		24B62B656C3C4896B6492165 /* controls.cpp in Sources */ = {isa = PBXBuildFile; fileRef = 28EC68A6A0044F7C87D6F093 /* controls.cpp */; settings = {COMPILER_FLAGS = ""; }; };
		3624462FBCE9462194680DB1 /* main_p2.cpp in Sources */ = {isa = PBXBuildFile; fileRef = C0252BD892AE4D05A9343C01 /* main_p2.cpp */; settings = {COMPILER_FLAGS = ""; }; };
		53EED48FFB124E99A1BC65DA /* CoordSystem.cpp in Sources */ = {isa = PBXBuildFile; fileRef = CF797917B391431680435863 /* CoordSystem.cpp */; settings = {COMPILER_FLAGS = ""; }; };
		650398F8784B47138E8BEF4D /* Plane3D.cpp in Sources */ = {isa = PBXBuildFile; fileRef = 2D6910C83A0946A39822F39C /* Plane3D.cpp */; settings = {COMPILER_FLAGS = ""; }; };
		91077BDFD27D44C0A31424E8 /* GLAppearance.cpp in Sources */ = {isa = PBXBuildFile; fileRef = 361C042D5BD54662A842BD25 /* GLAppearance.cpp */; settings = {COMPILER_FLAGS = ""; }; };
		A6A51ABE4CF84AC7B6D4C969 /* Texture.cpp in Sources */ = {isa = PBXBuildFile; fileRef = 7CD21255D79749E5839E1B83 /* Texture.cpp */; settings = {COMPILER_FLAGS = ""; }; };
		BA52703C1F5D458EA93DF598 /* GLSphere.cpp in Sources */ = {isa = PBXBuildFile; fileRef = C3284D8ABB1D41DABE2201CB /* GLSphere.cpp */; settings = {COMPILER_FLAGS = ""; }; };
		CFD1B26EFA90422F9AFE0E62 /* HCI557Common.cpp in Sources */ = {isa = PBXBuildFile; fileRef = 88D11E0BC6B34F0C8231B73B /* HCI557Common.cpp */; settings = {COMPILER_FLAGS = ""; }; };
		EFFCC47A39FC48E5A05CA874 /* GLObject.cpp in Sources */ = {isa = PBXBuildFile; fileRef = D167A5D7A12D4F9CBAC8F529 /* GLObject.cpp */; settings = {COMPILER_FLAGS = ""; }; };
		FC3BB2B696614E09A996D948 /* camera.cpp in Sources */ = {isa = PBXBuildFile; fileRef = 8D120F35F4D54199ACB7BA6C /* camera.cpp */; settings = {COMPILER_FLAGS = ""; }; };
/* End PBXBuildFile section */

/* Begin PBXContainerItemProxy section */
		4279747B6B0B416BA51B362A /* PBXContainerItemProxy */ = {
			isa = PBXContainerItemProxy;
			containerPortal = 7B7FBD1AFDCC487D901E8765 /* Project object */;
			proxyType = 1;
			remoteGlobalIDString = A415FB6E63294EE6B23AC117;
			remoteInfo = ZERO_CHECK;
		};
		49CBC1469A2244C68013C67F /* PBXContainerItemProxy */ = {
			isa = PBXContainerItemProxy;
			containerPortal = 7B7FBD1AFDCC487D901E8765 /* Project object */;
			proxyType = 1;
			remoteGlobalIDString = A415FB6E63294EE6B23AC117;
			remoteInfo = ZERO_CHECK;
		};
		C662A681177549EA967B66F1 /* PBXContainerItemProxy */ = {
			isa = PBXContainerItemProxy;
			containerPortal = 7B7FBD1AFDCC487D901E8765 /* Project object */;
			proxyType = 1;
			remoteGlobalIDString = E2F499BB25524839BD478839;
			remoteInfo = HCI557_HW4_p2;
		};
/* End PBXContainerItemProxy section */

/* Begin PBXFileReference section */
		260EFE5125384001B5F58CA8 /* CoordSystem.h */ = {isa = PBXFileReference; explicitFileType = sourcecode.c.h; fileEncoding = 4; name = CoordSystem.h; path = ../gl_common/CoordSystem.h; sourceTree = SOURCE_ROOT; };
		28EC68A6A0044F7C87D6F093 /* controls.cpp */ = {isa = PBXFileReference; explicitFileType = sourcecode.cpp.cpp; fileEncoding = 4; name = controls.cpp; path = ../gl_common/controls.cpp; sourceTree = SOURCE_ROOT; };
		2D6910C83A0946A39822F39C /* Plane3D.cpp */ = {isa = PBXFileReference; explicitFileType = sourcecode.cpp.cpp; fileEncoding = 4; name = Plane3D.cpp; path = ../gl_common/Plane3D.cpp; sourceTree = SOURCE_ROOT; };
		3332C6737EE04CC2AFF1275F /* HCI557Datatypes.h */ = {isa = PBXFileReference; explicitFileType = sourcecode.c.h; fileEncoding = 4; name = HCI557Datatypes.h; path = ../gl_common/HCI557Datatypes.h; sourceTree = SOURCE_ROOT; };
		361C042D5BD54662A842BD25 /* GLAppearance.cpp */ = {isa = PBXFileReference; explicitFileType = sourcecode.cpp.cpp; fileEncoding = 4; name = GLAppearance.cpp; path = ../gl_common/GLAppearance.cpp; sourceTree = SOURCE_ROOT; };
		4426951A2E8246188233E2AF /* Shaders.cpp */ = {isa = PBXFileReference; explicitFileType = sourcecode.cpp.cpp; fileEncoding = 4; name = Shaders.cpp; path = ../gl_common/Shaders.cpp; sourceTree = SOURCE_ROOT; };
		4A62F46413C1432BA27E41F6 /* Texture.h */ = {isa = PBXFileReference; explicitFileType = sourcecode.c.h; fileEncoding = 4; name = Texture.h; path = ../gl_common/Texture.h; sourceTree = SOURCE_ROOT; };
		4DC19DF7FD9843B5B44D6589 /* GLAppearance.h */ = {isa = PBXFileReference; explicitFileType = sourcecode.c.h; fileEncoding = 4; name = GLAppearance.h; path = ../gl_common/GLAppearance.h; sourceTree = SOURCE_ROOT; };
		5F60642E25144B27BF4B3DF0 /* controls.h */ = {isa = PBXFileReference; explicitFileType = sourcecode.c.h; fileEncoding = 4; name = controls.h; path = ../gl_common/controls.h; sourceTree = SOURCE_ROOT; };
		6E3A849FE9C848B48475E993 /* HCI557Common.h */ = {isa = PBXFileReference; explicitFileType = sourcecode.c.h; fileEncoding = 4; name = HCI557Common.h; path = ../gl_common/HCI557Common.h; sourceTree = SOURCE_ROOT; };
		7CD21255D79749E5839E1B83 /* Texture.cpp */ = {isa = PBXFileReference; explicitFileType = sourcecode.cpp.cpp; fileEncoding = 4; name = Texture.cpp; path = ../gl_common/Texture.cpp; sourceTree = SOURCE_ROOT; };
		8278198C775A49319D66DA51 /* CMakeLists.txt */ = {isa = PBXFileReference; explicitFileType = sourcecode.text; fileEncoding = 4; lastKnownFileType = text; path = CMakeLists.txt; sourceTree = SOURCE_ROOT; };
		88D11E0BC6B34F0C8231B73B /* HCI557Common.cpp */ = {isa = PBXFileReference; explicitFileType = sourcecode.cpp.cpp; fileEncoding = 4; name = HCI557Common.cpp; path = ../gl_common/HCI557Common.cpp; sourceTree = SOURCE_ROOT; };
		8D120F35F4D54199ACB7BA6C /* camera.cpp */ = {isa = PBXFileReference; explicitFileType = sourcecode.cpp.cpp; fileEncoding = 4; name = camera.cpp; path = ../gl_common/camera.cpp; sourceTree = SOURCE_ROOT; };
		9BB76DB707DE4C198CF3C7AB /* HCI557_HW4_p2 */ = {isa = PBXFileReference; explicitFileType = "compiled.mach-o.executable"; path = HCI557_HW4_p2; sourceTree = BUILT_PRODUCTS_DIR; };
		A15CE47B56ED47AB98ED4B58 /* GLAppearanceBase.h */ = {isa = PBXFileReference; explicitFileType = sourcecode.c.h; fileEncoding = 4; name = GLAppearanceBase.h; path = ../gl_common/GLAppearanceBase.h; sourceTree = SOURCE_ROOT; };
		A49F79B723C24825AD1D7EFF /* GLObject.h */ = {isa = PBXFileReference; explicitFileType = sourcecode.c.h; fileEncoding = 4; name = GLObject.h; path = ../gl_common/GLObject.h; sourceTree = SOURCE_ROOT; };
		A51E318FBE614A39B15A288B /* CMakeLists.txt */ = {isa = PBXFileReference; explicitFileType = sourcecode.text; fileEncoding = 4; lastKnownFileType = text; path = CMakeLists.txt; sourceTree = SOURCE_ROOT; };
		B06F04EE54A64959892F78FE /* Plane3D.h */ = {isa = PBXFileReference; explicitFileType = sourcecode.c.h; fileEncoding = 4; name = Plane3D.h; path = ../gl_common/Plane3D.h; sourceTree = SOURCE_ROOT; };
		B2986F25584A4ED29E6B2A27 /* camera.h */ = {isa = PBXFileReference; explicitFileType = sourcecode.c.h; fileEncoding = 4; name = camera.h; path = ../gl_common/camera.h; sourceTree = SOURCE_ROOT; };
		B3FF929F5FDC4BE29590515B /* GLSphere.h */ = {isa = PBXFileReference; explicitFileType = sourcecode.c.h; fileEncoding = 4; name = GLSphere.h; path = ../gl_common/GLSphere.h; sourceTree = SOURCE_ROOT; };
		C0252BD892AE4D05A9343C01 /* main_p2.cpp */ = {isa = PBXFileReference; explicitFileType = sourcecode.cpp.cpp; fileEncoding = 4; path = main_p2.cpp; sourceTree = SOURCE_ROOT; };
		C3284D8ABB1D41DABE2201CB /* GLSphere.cpp */ = {isa = PBXFileReference; explicitFileType = sourcecode.cpp.cpp; fileEncoding = 4; name = GLSphere.cpp; path = ../gl_common/GLSphere.cpp; sourceTree = SOURCE_ROOT; };
		CF797917B391431680435863 /* CoordSystem.cpp */ = {isa = PBXFileReference; explicitFileType = sourcecode.cpp.cpp; fileEncoding = 4; name = CoordSystem.cpp; path = ../gl_common/CoordSystem.cpp; sourceTree = SOURCE_ROOT; };
		D167A5D7A12D4F9CBAC8F529 /* GLObject.cpp */ = {isa = PBXFileReference; explicitFileType = sourcecode.cpp.cpp; fileEncoding = 4; name = GLObject.cpp; path = ../gl_common/GLObject.cpp; sourceTree = SOURCE_ROOT; };
		DF1FF9049431409499D5D188 /* GLObjects3D.h */ = {isa = PBXFileReference; explicitFileType = sourcecode.c.h; fileEncoding = 4; name = GLObjects3D.h; path = ../gl_common/GLObjects3D.h; sourceTree = SOURCE_ROOT; };
		F0F00467D06C4F84B3EE2020 /* CMakeLists.txt */ = {isa = PBXFileReference; explicitFileType = sourcecode.text; fileEncoding = 4; lastKnownFileType = text; path = CMakeLists.txt; sourceTree = SOURCE_ROOT; };
		FB8694FF6DBA4CB9B0EB230F /* Shaders.h */ = {isa = PBXFileReference; explicitFileType = sourcecode.c.h; fileEncoding = 4; name = Shaders.h; path = ../gl_common/Shaders.h; sourceTree = SOURCE_ROOT; };
/* End PBXFileReference section */

/* Begin PBXGroup section */
		06747A36279C4DB19611D9B5 /* Sources */ = {
			isa = PBXGroup;
			children = (
				CC9C15A2C2574BD2BFC5E6CA /* ALL_BUILD */,
				85DFA5650A3B47D0BF90A6AD /* HCI557_HW4_p2 */,
				7598F41CE845446D9AA8FCAD /* ZERO_CHECK */,
			);
			name = Sources;
			sourceTree = "<group>";
		};
		38836C842EE94F4DB92F01DA /* Source Files */ = {
			isa = PBXGroup;
			children = (
				CF797917B391431680435863 /* CoordSystem.cpp */,
				361C042D5BD54662A842BD25 /* GLAppearance.cpp */,
				D167A5D7A12D4F9CBAC8F529 /* GLObject.cpp */,
				C3284D8ABB1D41DABE2201CB /* GLSphere.cpp */,
				88D11E0BC6B34F0C8231B73B /* HCI557Common.cpp */,
				2D6910C83A0946A39822F39C /* Plane3D.cpp */,
				4426951A2E8246188233E2AF /* Shaders.cpp */,
				7CD21255D79749E5839E1B83 /* Texture.cpp */,
				8D120F35F4D54199ACB7BA6C /* camera.cpp */,
				28EC68A6A0044F7C87D6F093 /* controls.cpp */,
				C0252BD892AE4D05A9343C01 /* main_p2.cpp */,
			);
			name = "Source Files";
			sourceTree = "<group>";
		};
		41AC4DE3F9E3471B94D311F5 /* Header Files */ = {
			isa = PBXGroup;
			children = (
				260EFE5125384001B5F58CA8 /* CoordSystem.h */,
				4DC19DF7FD9843B5B44D6589 /* GLAppearance.h */,
				A15CE47B56ED47AB98ED4B58 /* GLAppearanceBase.h */,
				A49F79B723C24825AD1D7EFF /* GLObject.h */,
				DF1FF9049431409499D5D188 /* GLObjects3D.h */,
				B3FF929F5FDC4BE29590515B /* GLSphere.h */,
				6E3A849FE9C848B48475E993 /* HCI557Common.h */,
				3332C6737EE04CC2AFF1275F /* HCI557Datatypes.h */,
				B06F04EE54A64959892F78FE /* Plane3D.h */,
				FB8694FF6DBA4CB9B0EB230F /* Shaders.h */,
				4A62F46413C1432BA27E41F6 /* Texture.h */,
				B2986F25584A4ED29E6B2A27 /* camera.h */,
				5F60642E25144B27BF4B3DF0 /* controls.h */,
			);
			name = "Header Files";
			sourceTree = "<group>";
		};
		4215395C49484782853968A1 /* CMake Rules */ = {
			isa = PBXGroup;
			children = (
			);
			name = "CMake Rules";
			sourceTree = "<group>";
		};
		674B584DF10B4DDC893B4E36 = {
			isa = PBXGroup;
			children = (
				06747A36279C4DB19611D9B5 /* Sources */,
				F7C3B2BFB44148D1BE4AE1EC /* Resources */,
				E428A0DF4AED4C29A33B37D1 /* Products */,
			);
			sourceTree = "<group>";
		};
		7598F41CE845446D9AA8FCAD /* ZERO_CHECK */ = {
			isa = PBXGroup;
			children = (
				7DA1858D400744C4961AF70F /* CMake Rules */,
				8278198C775A49319D66DA51 /* CMakeLists.txt */,
			);
			name = ZERO_CHECK;
			sourceTree = "<group>";
		};
		7DA1858D400744C4961AF70F /* CMake Rules */ = {
			isa = PBXGroup;
			children = (
			);
			name = "CMake Rules";
			sourceTree = "<group>";
		};
		85DFA5650A3B47D0BF90A6AD /* HCI557_HW4_p2 */ = {
			isa = PBXGroup;
			children = (
				38836C842EE94F4DB92F01DA /* Source Files */,
				41AC4DE3F9E3471B94D311F5 /* Header Files */,
				A51E318FBE614A39B15A288B /* CMakeLists.txt */,
			);
			name = HCI557_HW4_p2;
			sourceTree = "<group>";
		};
		CC9C15A2C2574BD2BFC5E6CA /* ALL_BUILD */ = {
			isa = PBXGroup;
			children = (
				4215395C49484782853968A1 /* CMake Rules */,
				F0F00467D06C4F84B3EE2020 /* CMakeLists.txt */,
			);
			name = ALL_BUILD;
			sourceTree = "<group>";
		};
		E428A0DF4AED4C29A33B37D1 /* Products */ = {
			isa = PBXGroup;
			children = (
				9BB76DB707DE4C198CF3C7AB /* HCI557_HW4_p2 */,
			);
			name = Products;
			sourceTree = "<group>";
		};
		F7C3B2BFB44148D1BE4AE1EC /* Resources */ = {
			isa = PBXGroup;
			children = (
			);
			name = Resources;
			sourceTree = "<group>";
		};
/* End PBXGroup section */

/* Begin PBXNativeTarget section */
		E2F499BB25524839BD478839 /* HCI557_HW4_p2 */ = {
			isa = PBXNativeTarget;
			buildConfigurationList = 33127068202A48E3AE7D3460 /* Build configuration list for PBXNativeTarget "HCI557_HW4_p2" */;
			buildPhases = (
				E32E910E2A5942A78F41DFF2 /* Sources */,
			);
			buildRules = (
			);
			dependencies = (
				8C2627EAF7924339BDB937EF /* PBXTargetDependency */,
			);
			name = HCI557_HW4_p2;
			productName = HCI557_HW4_p2;
			productReference = 9BB76DB707DE4C198CF3C7AB /* HCI557_HW4_p2 */;
			productType = "com.apple.product-type.tool";
		};
/* End PBXNativeTarget section */

/* Begin PBXProject section */
		7B7FBD1AFDCC487D901E8765 /* Project object */ = {
			isa = PBXProject;
			attributes = {
				BuildIndependentTargetsInParallel = YES;
			};
			buildConfigurationList = C3CB6B750B3D4285BBCCFBA2 /* Build configuration list for PBXProject "HCI557_HW4_p2" */;
			compatibilityVersion = "Xcode 3.2";
			developmentRegion = English;
			hasScannedForEncodings = 0;
			knownRegions = (
				en,
			);
			mainGroup = 674B584DF10B4DDC893B4E36;
			projectDirPath = "";
			projectRoot = "";
			targets = (
				7255356B575D4E9AB739AFF8 /* ALL_BUILD */,
				E2F499BB25524839BD478839 /* HCI557_HW4_p2 */,
				A415FB6E63294EE6B23AC117 /* ZERO_CHECK */,
			);
		};
/* End PBXProject section */

/* Begin PBXShellScriptBuildPhase section */
		5672104431774DBFB645A415 /* CMake Rules */ = {
			isa = PBXShellScriptBuildPhase;
			buildActionMask = 2147483647;
			files = (
			);
			name = "CMake Rules";
			runOnlyForDeploymentPostprocessing = 0;
			shellPath = /bin/sh;
			shellScript = "make -C /Users/fei/Documents/homework/yo_557_2015_mt/Homework_4/p2 -f /Users/fei/Documents/homework/yo_557_2015_mt/Homework_4/p2/CMakeScripts/ALL_BUILD_cmakeRulesBuildPhase.make$CONFIGURATION all";
			showEnvVarsInLog = 0;
		};
		DD6766305D6649E193B3078B /* CMake Rules */ = {
			isa = PBXShellScriptBuildPhase;
			buildActionMask = 2147483647;
			files = (
			);
			name = "CMake Rules";
			runOnlyForDeploymentPostprocessing = 0;
			shellPath = /bin/sh;
			shellScript = "make -C /Users/fei/Documents/homework/yo_557_2015_mt/Homework_4/p2 -f /Users/fei/Documents/homework/yo_557_2015_mt/Homework_4/p2/CMakeScripts/ZERO_CHECK_cmakeRulesBuildPhase.make$CONFIGURATION all";
			showEnvVarsInLog = 0;
		};
/* End PBXShellScriptBuildPhase section */

/* Begin PBXSourcesBuildPhase section */
		E32E910E2A5942A78F41DFF2 /* Sources */ = {
			isa = PBXSourcesBuildPhase;
			buildActionMask = 2147483647;
			files = (
				53EED48FFB124E99A1BC65DA /* CoordSystem.cpp in Sources */,
				91077BDFD27D44C0A31424E8 /* GLAppearance.cpp in Sources */,
				EFFCC47A39FC48E5A05CA874 /* GLObject.cpp in Sources */,
				BA52703C1F5D458EA93DF598 /* GLSphere.cpp in Sources */,
				CFD1B26EFA90422F9AFE0E62 /* HCI557Common.cpp in Sources */,
				650398F8784B47138E8BEF4D /* Plane3D.cpp in Sources */,
				0A494819D4E94DAE83484198 /* Shaders.cpp in Sources */,
				A6A51ABE4CF84AC7B6D4C969 /* Texture.cpp in Sources */,
				FC3BB2B696614E09A996D948 /* camera.cpp in Sources */,
				24B62B656C3C4896B6492165 /* controls.cpp in Sources */,
				3624462FBCE9462194680DB1 /* main_p2.cpp in Sources */,
			);
			runOnlyForDeploymentPostprocessing = 0;
		};
/* End PBXSourcesBuildPhase section */

/* Begin PBXTargetDependency section */
		8C2627EAF7924339BDB937EF /* PBXTargetDependency */ = {
			isa = PBXTargetDependency;
			target = A415FB6E63294EE6B23AC117 /* ZERO_CHECK */;
			targetProxy = 4279747B6B0B416BA51B362A /* PBXContainerItemProxy */;
		};
		957B9C0A08234DF48A99F00C /* PBXTargetDependency */ = {
			isa = PBXTargetDependency;
			target = E2F499BB25524839BD478839 /* HCI557_HW4_p2 */;
			targetProxy = C662A681177549EA967B66F1 /* PBXContainerItemProxy */;
		};
		96AFE12D95C4453EA9591FC3 /* PBXTargetDependency */ = {
			isa = PBXTargetDependency;
			target = A415FB6E63294EE6B23AC117 /* ZERO_CHECK */;
			targetProxy = 49CBC1469A2244C68013C67F /* PBXContainerItemProxy */;
		};
/* End PBXTargetDependency section */

/* Begin XCBuildConfiguration section */
		29611DEEA5C74C5D97294E75 /* RelWithDebInfo */ = {
			isa = XCBuildConfiguration;
			buildSettings = {
				MACOSX_DEPLOYMENT_TARGET = 10.10;
				ONLY_ACTIVE_ARCH = YES;
				SDKROOT = /Applications/Xcode.app/Contents/Developer/Platforms/MacOSX.platform/Developer/SDKs/MacOSX10.11.sdk;
				SYMROOT = /Users/fei/Documents/homework/yo_557_2015_mt/Homework_4/p2/build;
			};
			name = RelWithDebInfo;
		};
		35B21D77E6204554866544FC /* RelWithDebInfo */ = {
			isa = XCBuildConfiguration;
			buildSettings = {
				COMBINE_HIDPI_IMAGES = YES;
				FRAMEWORK_SEARCH_PATHS = /Applications/Xcode.app/Contents/Developer/Platforms/MacOSX.platform/Developer/SDKs/MacOSX10.11.sdk/System/Library/Frameworks;
				GCC_GENERATE_DEBUGGING_SYMBOLS = YES;
				GCC_INLINES_ARE_PRIVATE_EXTERN = NO;
				GCC_OPTIMIZATION_LEVEL = 0;
				GCC_PREPROCESSOR_DEFINITIONS = "'CMAKE_INTDIR=\"$(CONFIGURATION)$(EFFECTIVE_PLATFORM_NAME)\"'";
				GCC_SYMBOLS_PRIVATE_EXTERN = NO;
				HEADER_SEARCH_PATHS = (
					/usr/local/include,
					"/Users/fei/Documents/homework/com_graph/HCI-557-CG/SDK/include",
					/Users/fei/Documents/homework/yo_557_2015_mt/Homework_4/p2/../gl_common,
				);
				INSTALL_PATH = "";
				OTHER_LDFLAGS = " ";
				OTHER_REZFLAGS = "";
				PRODUCT_NAME = ALL_BUILD;
				SECTORDER_FLAGS = "";
				SYMROOT = /Users/fei/Documents/homework/yo_557_2015_mt/Homework_4/p2;
				USE_HEADERMAP = NO;
				WARNING_CFLAGS = (
					"-Wmost",
					"-Wno-four-char-constants",
					"-Wno-unknown-pragmas",
					"$(inherited)",
				);
			};
			name = RelWithDebInfo;
		};
		3EB320E210734523B078AAF4 /* MinSizeRel */ = {
			isa = XCBuildConfiguration;
			buildSettings = {
				COMBINE_HIDPI_IMAGES = YES;
				EXECUTABLE_PREFIX = "";
				EXECUTABLE_SUFFIX = "";
				FRAMEWORK_SEARCH_PATHS = /Applications/Xcode.app/Contents/Developer/Platforms/MacOSX.platform/Developer/SDKs/MacOSX10.11.sdk/System/Library/Frameworks;
				GCC_GENERATE_DEBUGGING_SYMBOLS = NO;
				GCC_INLINES_ARE_PRIVATE_EXTERN = NO;
				GCC_OPTIMIZATION_LEVEL = s;
				GCC_PREPROCESSOR_DEFINITIONS = "'CMAKE_INTDIR=\"$(CONFIGURATION)$(EFFECTIVE_PLATFORM_NAME)\"'";
				GCC_SYMBOLS_PRIVATE_EXTERN = NO;
				HEADER_SEARCH_PATHS = (
					/usr/local/include,
					"/Users/fei/Documents/homework/com_graph/HCI-557-CG/SDK/include",
					/Users/fei/Documents/homework/yo_557_2015_mt/Homework_4/p2/../gl_common,
				);
				INSTALL_PATH = "";
				LIBRARY_SEARCH_PATHS = "";
				OTHER_CPLUSPLUSFLAGS = "    -DNDEBUG  ";
				OTHER_LDFLAGS = (
					"-Wl,-search_paths_first",
					"-Wl,-headerpad_max_install_names",
					/usr/local/lib/libGLEW.dylib,
					/usr/local/lib/libglfw3.3.1.dylib,
					"-framework",
					AGL,
					"-framework",
					OpenGL,
					"-framework",
					AGL,
					"-framework",
					OpenGL,
				);
				OTHER_REZFLAGS = "";
				PRODUCT_NAME = HCI557_HW4_p2;
				SECTORDER_FLAGS = "";
				SYMROOT = /Users/fei/Documents/homework/yo_557_2015_mt/Homework_4/p2;
				USE_HEADERMAP = NO;
				WARNING_CFLAGS = (
					"-Wmost",
					"-Wno-four-char-constants",
					"-Wno-unknown-pragmas",
					"$(inherited)",
				);
			};
			name = MinSizeRel;
		};
		4CCDC50153C443DC9130DAD3 /* MinSizeRel */ = {
			isa = XCBuildConfiguration;
			buildSettings = {
				COMBINE_HIDPI_IMAGES = YES;
				FRAMEWORK_SEARCH_PATHS = /Applications/Xcode.app/Contents/Developer/Platforms/MacOSX.platform/Developer/SDKs/MacOSX10.11.sdk/System/Library/Frameworks;
				GCC_GENERATE_DEBUGGING_SYMBOLS = YES;
				GCC_INLINES_ARE_PRIVATE_EXTERN = NO;
				GCC_OPTIMIZATION_LEVEL = 0;
				GCC_PREPROCESSOR_DEFINITIONS = "'CMAKE_INTDIR=\"$(CONFIGURATION)$(EFFECTIVE_PLATFORM_NAME)\"'";
				GCC_SYMBOLS_PRIVATE_EXTERN = NO;
				HEADER_SEARCH_PATHS = (
					/usr/local/include,
					"/Users/fei/Documents/homework/com_graph/HCI-557-CG/SDK/include",
					/Users/fei/Documents/homework/yo_557_2015_mt/Homework_4/p2/../gl_common,
				);
				INSTALL_PATH = "";
				OTHER_LDFLAGS = " ";
				OTHER_REZFLAGS = "";
				PRODUCT_NAME = ALL_BUILD;
				SECTORDER_FLAGS = "";
				SYMROOT = /Users/fei/Documents/homework/yo_557_2015_mt/Homework_4/p2;
				USE_HEADERMAP = NO;
				WARNING_CFLAGS = (
					"-Wmost",
					"-Wno-four-char-constants",
					"-Wno-unknown-pragmas",
					"$(inherited)",
				);
			};
			name = MinSizeRel;
		};
		74BA76096FA34862A070D854 /* Release */ = {
			isa = XCBuildConfiguration;
			buildSettings = {
				MACOSX_DEPLOYMENT_TARGET = 10.10;
				ONLY_ACTIVE_ARCH = YES;
				SDKROOT = /Applications/Xcode.app/Contents/Developer/Platforms/MacOSX.platform/Developer/SDKs/MacOSX10.11.sdk;
				SYMROOT = /Users/fei/Documents/homework/yo_557_2015_mt/Homework_4/p2/build;
			};
			name = Release;
		};
		7CA16F7FA2E0485FA360F887 /* RelWithDebInfo */ = {
			isa = XCBuildConfiguration;
			buildSettings = {
				COMBINE_HIDPI_IMAGES = YES;
				EXECUTABLE_PREFIX = "";
				EXECUTABLE_SUFFIX = "";
				FRAMEWORK_SEARCH_PATHS = /Applications/Xcode.app/Contents/Developer/Platforms/MacOSX.platform/Developer/SDKs/MacOSX10.11.sdk/System/Library/Frameworks;
				GCC_GENERATE_DEBUGGING_SYMBOLS = YES;
				GCC_INLINES_ARE_PRIVATE_EXTERN = NO;
				GCC_OPTIMIZATION_LEVEL = 2;
				GCC_PREPROCESSOR_DEFINITIONS = "'CMAKE_INTDIR=\"$(CONFIGURATION)$(EFFECTIVE_PLATFORM_NAME)\"'";
				GCC_SYMBOLS_PRIVATE_EXTERN = NO;
				HEADER_SEARCH_PATHS = (
					/usr/local/include,
					"/Users/fei/Documents/homework/com_graph/HCI-557-CG/SDK/include",
					/Users/fei/Documents/homework/yo_557_2015_mt/Homework_4/p2/../gl_common,
				);
				INSTALL_PATH = "";
				LIBRARY_SEARCH_PATHS = "";
				OTHER_CPLUSPLUSFLAGS = "       -DNDEBUG  ";
				OTHER_LDFLAGS = (
					"-Wl,-search_paths_first",
					"-Wl,-headerpad_max_install_names",
					/usr/local/lib/libGLEW.dylib,
					/usr/local/lib/libglfw3.3.1.dylib,
					"-framework",
					AGL,
					"-framework",
					OpenGL,
					"-framework",
					AGL,
					"-framework",
					OpenGL,
				);
				OTHER_REZFLAGS = "";
				PRODUCT_NAME = HCI557_HW4_p2;
				SECTORDER_FLAGS = "";
				SYMROOT = /Users/fei/Documents/homework/yo_557_2015_mt/Homework_4/p2;
				USE_HEADERMAP = NO;
				WARNING_CFLAGS = (
					"-Wmost",
					"-Wno-four-char-constants",
					"-Wno-unknown-pragmas",
					"$(inherited)",
				);
			};
			name = RelWithDebInfo;
		};
		9E5F5859654548AD8008FACE /* MinSizeRel */ = {
			isa = XCBuildConfiguration;
			buildSettings = {
				COMBINE_HIDPI_IMAGES = YES;
				FRAMEWORK_SEARCH_PATHS = /Applications/Xcode.app/Contents/Developer/Platforms/MacOSX.platform/Developer/SDKs/MacOSX10.11.sdk/System/Library/Frameworks;
				GCC_GENERATE_DEBUGGING_SYMBOLS = YES;
				GCC_INLINES_ARE_PRIVATE_EXTERN = NO;
				GCC_OPTIMIZATION_LEVEL = 0;
				GCC_PREPROCESSOR_DEFINITIONS = "'CMAKE_INTDIR=\"$(CONFIGURATION)$(EFFECTIVE_PLATFORM_NAME)\"'";
				GCC_SYMBOLS_PRIVATE_EXTERN = NO;
				HEADER_SEARCH_PATHS = (
					/usr/local/include,
					"/Users/fei/Documents/homework/com_graph/HCI-557-CG/SDK/include",
					/Users/fei/Documents/homework/yo_557_2015_mt/Homework_4/p2/../gl_common,
				);
				INSTALL_PATH = "";
				OTHER_LDFLAGS = " ";
				OTHER_REZFLAGS = "";
				PRODUCT_NAME = ZERO_CHECK;
				SECTORDER_FLAGS = "";
				SYMROOT = /Users/fei/Documents/homework/yo_557_2015_mt/Homework_4/p2;
				USE_HEADERMAP = NO;
				WARNING_CFLAGS = (
					"-Wmost",
					"-Wno-four-char-constants",
					"-Wno-unknown-pragmas",
					"$(inherited)",
				);
			};
			name = MinSizeRel;
		};
		A56EBF39B7514D35A6E9FDE4 /* RelWithDebInfo */ = {
			isa = XCBuildConfiguration;
			buildSettings = {
				COMBINE_HIDPI_IMAGES = YES;
				FRAMEWORK_SEARCH_PATHS = /Applications/Xcode.app/Contents/Developer/Platforms/MacOSX.platform/Developer/SDKs/MacOSX10.11.sdk/System/Library/Frameworks;
				GCC_GENERATE_DEBUGGING_SYMBOLS = YES;
				GCC_INLINES_ARE_PRIVATE_EXTERN = NO;
				GCC_OPTIMIZATION_LEVEL = 0;
				GCC_PREPROCESSOR_DEFINITIONS = "'CMAKE_INTDIR=\"$(CONFIGURATION)$(EFFECTIVE_PLATFORM_NAME)\"'";
				GCC_SYMBOLS_PRIVATE_EXTERN = NO;
				HEADER_SEARCH_PATHS = (
					/usr/local/include,
					"/Users/fei/Documents/homework/com_graph/HCI-557-CG/SDK/include",
					/Users/fei/Documents/homework/yo_557_2015_mt/Homework_4/p2/../gl_common,
				);
				INSTALL_PATH = "";
				OTHER_LDFLAGS = " ";
				OTHER_REZFLAGS = "";
				PRODUCT_NAME = ZERO_CHECK;
				SECTORDER_FLAGS = "";
				SYMROOT = /Users/fei/Documents/homework/yo_557_2015_mt/Homework_4/p2;
				USE_HEADERMAP = NO;
				WARNING_CFLAGS = (
					"-Wmost",
					"-Wno-four-char-constants",
					"-Wno-unknown-pragmas",
					"$(inherited)",
				);
			};
			name = RelWithDebInfo;
		};
		A7430F3EBF1444FCB997720E /* Debug */ = {
			isa = XCBuildConfiguration;
			buildSettings = {
				COMBINE_HIDPI_IMAGES = YES;
				EXECUTABLE_PREFIX = "";
				EXECUTABLE_SUFFIX = "";
				FRAMEWORK_SEARCH_PATHS = /Applications/Xcode.app/Contents/Developer/Platforms/MacOSX.platform/Developer/SDKs/MacOSX10.11.sdk/System/Library/Frameworks;
				GCC_GENERATE_DEBUGGING_SYMBOLS = YES;
				GCC_INLINES_ARE_PRIVATE_EXTERN = NO;
				GCC_OPTIMIZATION_LEVEL = 0;
				GCC_PREPROCESSOR_DEFINITIONS = "'CMAKE_INTDIR=\"$(CONFIGURATION)$(EFFECTIVE_PLATFORM_NAME)\"'";
				GCC_SYMBOLS_PRIVATE_EXTERN = NO;
				HEADER_SEARCH_PATHS = (
					/usr/local/include,
					"/Users/fei/Documents/homework/com_graph/HCI-557-CG/SDK/include",
					/Users/fei/Documents/homework/yo_557_2015_mt/Homework_4/p2/../gl_common,
				);
				INSTALL_PATH = "";
				LIBRARY_SEARCH_PATHS = "";
				OTHER_CPLUSPLUSFLAGS = "    ";
				OTHER_LDFLAGS = (
					"-Wl,-search_paths_first",
					"-Wl,-headerpad_max_install_names",
					/usr/local/lib/libGLEW.dylib,
					/usr/local/lib/libglfw3.3.1.dylib,
					"-framework",
					AGL,
					"-framework",
					OpenGL,
					"-framework",
					AGL,
					"-framework",
					OpenGL,
				);
				OTHER_REZFLAGS = "";
				PRODUCT_NAME = HCI557_HW4_p2;
				SECTORDER_FLAGS = "";
				SYMROOT = /Users/fei/Documents/homework/yo_557_2015_mt/Homework_4/p2;
				USE_HEADERMAP = NO;
				WARNING_CFLAGS = (
					"-Wmost",
					"-Wno-four-char-constants",
					"-Wno-unknown-pragmas",
					"$(inherited)",
				);
			};
			name = Debug;
		};
		A806AB67A6A74D55A42D17B7 /* Debug */ = {
			isa = XCBuildConfiguration;
			buildSettings = {
				COMBINE_HIDPI_IMAGES = YES;
				FRAMEWORK_SEARCH_PATHS = /Applications/Xcode.app/Contents/Developer/Platforms/MacOSX.platform/Developer/SDKs/MacOSX10.11.sdk/System/Library/Frameworks;
				GCC_GENERATE_DEBUGGING_SYMBOLS = YES;
				GCC_INLINES_ARE_PRIVATE_EXTERN = NO;
				GCC_OPTIMIZATION_LEVEL = 0;
				GCC_PREPROCESSOR_DEFINITIONS = "'CMAKE_INTDIR=\"$(CONFIGURATION)$(EFFECTIVE_PLATFORM_NAME)\"'";
				GCC_SYMBOLS_PRIVATE_EXTERN = NO;
				HEADER_SEARCH_PATHS = (
					/usr/local/include,
					"/Users/fei/Documents/homework/com_graph/HCI-557-CG/SDK/include",
					/Users/fei/Documents/homework/yo_557_2015_mt/Homework_4/p2/../gl_common,
				);
				INSTALL_PATH = "";
				OTHER_LDFLAGS = " ";
				OTHER_REZFLAGS = "";
				PRODUCT_NAME = ALL_BUILD;
				SECTORDER_FLAGS = "";
				SYMROOT = /Users/fei/Documents/homework/yo_557_2015_mt/Homework_4/p2;
				USE_HEADERMAP = NO;
				WARNING_CFLAGS = (
					"-Wmost",
					"-Wno-four-char-constants",
					"-Wno-unknown-pragmas",
					"$(inherited)",
				);
			};
			name = Debug;
		};
		B1D6C3FA9C7B44F39F13D82F /* Release */ = {
			isa = XCBuildConfiguration;
			buildSettings = {
				COMBINE_HIDPI_IMAGES = YES;
				EXECUTABLE_PREFIX = "";
				EXECUTABLE_SUFFIX = "";
				FRAMEWORK_SEARCH_PATHS = /Applications/Xcode.app/Contents/Developer/Platforms/MacOSX.platform/Developer/SDKs/MacOSX10.11.sdk/System/Library/Frameworks;
				GCC_GENERATE_DEBUGGING_SYMBOLS = NO;
				GCC_INLINES_ARE_PRIVATE_EXTERN = NO;
				GCC_OPTIMIZATION_LEVEL = 3;
				GCC_PREPROCESSOR_DEFINITIONS = "'CMAKE_INTDIR=\"$(CONFIGURATION)$(EFFECTIVE_PLATFORM_NAME)\"'";
				GCC_SYMBOLS_PRIVATE_EXTERN = NO;
				HEADER_SEARCH_PATHS = (
					/usr/local/include,
					"/Users/fei/Documents/homework/com_graph/HCI-557-CG/SDK/include",
					/Users/fei/Documents/homework/yo_557_2015_mt/Homework_4/p2/../gl_common,
				);
				INSTALL_PATH = "";
				LIBRARY_SEARCH_PATHS = "";
				OTHER_CPLUSPLUSFLAGS = "    -DNDEBUG  ";
				OTHER_LDFLAGS = (
					"-Wl,-search_paths_first",
					"-Wl,-headerpad_max_install_names",
					/usr/local/lib/libGLEW.dylib,
					/usr/local/lib/libglfw3.3.1.dylib,
					"-framework",
					AGL,
					"-framework",
					OpenGL,
					"-framework",
					AGL,
					"-framework",
					OpenGL,
				);
				OTHER_REZFLAGS = "";
				PRODUCT_NAME = HCI557_HW4_p2;
				SECTORDER_FLAGS = "";
				SYMROOT = /Users/fei/Documents/homework/yo_557_2015_mt/Homework_4/p2;
				USE_HEADERMAP = NO;
				WARNING_CFLAGS = (
					"-Wmost",
					"-Wno-four-char-constants",
					"-Wno-unknown-pragmas",
					"$(inherited)",
				);
			};
			name = Release;
		};
		C4B89E2C0DE542BD8B18F2EF /* Release */ = {
			isa = XCBuildConfiguration;
			buildSettings = {
				COMBINE_HIDPI_IMAGES = YES;
				FRAMEWORK_SEARCH_PATHS = /Applications/Xcode.app/Contents/Developer/Platforms/MacOSX.platform/Developer/SDKs/MacOSX10.11.sdk/System/Library/Frameworks;
				GCC_GENERATE_DEBUGGING_SYMBOLS = YES;
				GCC_INLINES_ARE_PRIVATE_EXTERN = NO;
				GCC_OPTIMIZATION_LEVEL = 0;
				GCC_PREPROCESSOR_DEFINITIONS = "'CMAKE_INTDIR=\"$(CONFIGURATION)$(EFFECTIVE_PLATFORM_NAME)\"'";
				GCC_SYMBOLS_PRIVATE_EXTERN = NO;
				HEADER_SEARCH_PATHS = (
					/usr/local/include,
					"/Users/fei/Documents/homework/com_graph/HCI-557-CG/SDK/include",
					/Users/fei/Documents/homework/yo_557_2015_mt/Homework_4/p2/../gl_common,
				);
				INSTALL_PATH = "";
				OTHER_LDFLAGS = " ";
				OTHER_REZFLAGS = "";
				PRODUCT_NAME = ALL_BUILD;
				SECTORDER_FLAGS = "";
				SYMROOT = /Users/fei/Documents/homework/yo_557_2015_mt/Homework_4/p2;
				USE_HEADERMAP = NO;
				WARNING_CFLAGS = (
					"-Wmost",
					"-Wno-four-char-constants",
					"-Wno-unknown-pragmas",
					"$(inherited)",
				);
			};
			name = Release;
		};
		CA08D26B4DF747BD850FF734 /* Debug */ = {
			isa = XCBuildConfiguration;
			buildSettings = {
				COMBINE_HIDPI_IMAGES = YES;
				FRAMEWORK_SEARCH_PATHS = /Applications/Xcode.app/Contents/Developer/Platforms/MacOSX.platform/Developer/SDKs/MacOSX10.11.sdk/System/Library/Frameworks;
				GCC_GENERATE_DEBUGGING_SYMBOLS = YES;
				GCC_INLINES_ARE_PRIVATE_EXTERN = NO;
				GCC_OPTIMIZATION_LEVEL = 0;
				GCC_PREPROCESSOR_DEFINITIONS = "'CMAKE_INTDIR=\"$(CONFIGURATION)$(EFFECTIVE_PLATFORM_NAME)\"'";
				GCC_SYMBOLS_PRIVATE_EXTERN = NO;
				HEADER_SEARCH_PATHS = (
					/usr/local/include,
					"/Users/fei/Documents/homework/com_graph/HCI-557-CG/SDK/include",
					/Users/fei/Documents/homework/yo_557_2015_mt/Homework_4/p2/../gl_common,
				);
				INSTALL_PATH = "";
				OTHER_LDFLAGS = " ";
				OTHER_REZFLAGS = "";
				PRODUCT_NAME = ZERO_CHECK;
				SECTORDER_FLAGS = "";
				SYMROOT = /Users/fei/Documents/homework/yo_557_2015_mt/Homework_4/p2;
				USE_HEADERMAP = NO;
				WARNING_CFLAGS = (
					"-Wmost",
					"-Wno-four-char-constants",
					"-Wno-unknown-pragmas",
					"$(inherited)",
				);
			};
			name = Debug;
		};
		CD47938A9C0D498B9416229B /* MinSizeRel */ = {
			isa = XCBuildConfiguration;
			buildSettings = {
				MACOSX_DEPLOYMENT_TARGET = 10.10;
				ONLY_ACTIVE_ARCH = YES;
				SDKROOT = /Applications/Xcode.app/Contents/Developer/Platforms/MacOSX.platform/Developer/SDKs/MacOSX10.11.sdk;
				SYMROOT = /Users/fei/Documents/homework/yo_557_2015_mt/Homework_4/p2/build;
			};
			name = MinSizeRel;
		};
		EDA74E941C094EB1BC6CAF19 /* Debug */ = {
			isa = XCBuildConfiguration;
			buildSettings = {
				MACOSX_DEPLOYMENT_TARGET = 10.10;
				ONLY_ACTIVE_ARCH = YES;
				SDKROOT = /Applications/Xcode.app/Contents/Developer/Platforms/MacOSX.platform/Developer/SDKs/MacOSX10.11.sdk;
				SYMROOT = /Users/fei/Documents/homework/yo_557_2015_mt/Homework_4/p2/build;
			};
			name = Debug;
		};
		F0E0A9EEB5F14B19A0B1B168 /* Release */ = {
			isa = XCBuildConfiguration;
			buildSettings = {
				COMBINE_HIDPI_IMAGES = YES;
				FRAMEWORK_SEARCH_PATHS = /Applications/Xcode.app/Contents/Developer/Platforms/MacOSX.platform/Developer/SDKs/MacOSX10.11.sdk/System/Library/Frameworks;
				GCC_GENERATE_DEBUGGING_SYMBOLS = YES;
				GCC_INLINES_ARE_PRIVATE_EXTERN = NO;
				GCC_OPTIMIZATION_LEVEL = 0;
				GCC_PREPROCESSOR_DEFINITIONS = "'CMAKE_INTDIR=\"$(CONFIGURATION)$(EFFECTIVE_PLATFORM_NAME)\"'";
				GCC_SYMBOLS_PRIVATE_EXTERN = NO;
				HEADER_SEARCH_PATHS = (
					/usr/local/include,
					"/Users/fei/Documents/homework/com_graph/HCI-557-CG/SDK/include",
					/Users/fei/Documents/homework/yo_557_2015_mt/Homework_4/p2/../gl_common,
				);
				INSTALL_PATH = "";
				OTHER_LDFLAGS = " ";
				OTHER_REZFLAGS = "";
				PRODUCT_NAME = ZERO_CHECK;
				SECTORDER_FLAGS = "";
				SYMROOT = /Users/fei/Documents/homework/yo_557_2015_mt/Homework_4/p2;
				USE_HEADERMAP = NO;
				WARNING_CFLAGS = (
					"-Wmost",
					"-Wno-four-char-constants",
					"-Wno-unknown-pragmas",
					"$(inherited)",
				);
			};
			name = Release;
		};
/* End XCBuildConfiguration section */

/* Begin XCConfigurationList section */
		169DE5FEAB594D66B12D574A /* Build configuration list for PBXAggregateTarget "ZERO_CHECK" */ = {
			isa = XCConfigurationList;
			buildConfigurations = (
				CA08D26B4DF747BD850FF734 /* Debug */,
				F0E0A9EEB5F14B19A0B1B168 /* Release */,
				9E5F5859654548AD8008FACE /* MinSizeRel */,
				A56EBF39B7514D35A6E9FDE4 /* RelWithDebInfo */,
			);
			defaultConfigurationIsVisible = 0;
			defaultConfigurationName = Debug;
		};
		33127068202A48E3AE7D3460 /* Build configuration list for PBXNativeTarget "HCI557_HW4_p2" */ = {
			isa = XCConfigurationList;
			buildConfigurations = (
				A7430F3EBF1444FCB997720E /* Debug */,
				B1D6C3FA9C7B44F39F13D82F /* Release */,
				3EB320E210734523B078AAF4 /* MinSizeRel */,
				7CA16F7FA2E0485FA360F887 /* RelWithDebInfo */,
			);
			defaultConfigurationIsVisible = 0;
			defaultConfigurationName = Debug;
		};
		73BB5F094DA24367A49437D7 /* Build configuration list for PBXAggregateTarget "ALL_BUILD" */ = {
			isa = XCConfigurationList;
			buildConfigurations = (
				A806AB67A6A74D55A42D17B7 /* Debug */,
				C4B89E2C0DE542BD8B18F2EF /* Release */,
				4CCDC50153C443DC9130DAD3 /* MinSizeRel */,
				35B21D77E6204554866544FC /* RelWithDebInfo */,
			);
			defaultConfigurationIsVisible = 0;
			defaultConfigurationName = Debug;
		};
		C3CB6B750B3D4285BBCCFBA2 /* Build configuration list for PBXProject "HCI557_HW4_p2" */ = {
			isa = XCConfigurationList;
			buildConfigurations = (
				EDA74E941C094EB1BC6CAF19 /* Debug */,
				74BA76096FA34862A070D854 /* Release */,
				CD47938A9C0D498B9416229B /* MinSizeRel */,
				29611DEEA5C74C5D97294E75 /* RelWithDebInfo */,
			);
			defaultConfigurationIsVisible = 0;
			defaultConfigurationName = Debug;
		};
/* End XCConfigurationList section */
	};
	rootObject = 7B7FBD1AFDCC487D901E8765 /* Project object */;
}
