// !$*UTF8*$!
{
	archiveVersion = 1;
	classes = {
	};
	objectVersion = 46;
	objects = {

/* Begin PBXAggregateTarget section */
		1C1831DA70DA48E2BABADDAE /* ALL_BUILD */ = {
			isa = PBXAggregateTarget;
			buildConfigurationList = 14AF666B91D2420BABE4B76A /* Build configuration list for PBXAggregateTarget "ALL_BUILD" */;
			buildPhases = (
				E0947338F25E4CD5A1EE9611 /* CMake Rules */,
			);
			dependencies = (
				762B49807D804A1DBAA6AAD3 /* PBXTargetDependency */,
				4C5255467D2F4C588B0FCFC6 /* PBXTargetDependency */,
			);
			name = ALL_BUILD;
			productName = ALL_BUILD;
		};
		5EE659753287409594053369 /* ZERO_CHECK */ = {
			isa = PBXAggregateTarget;
			buildConfigurationList = 4241A7B003D54C149FDF52C3 /* Build configuration list for PBXAggregateTarget "ZERO_CHECK" */;
			buildPhases = (
				375A3BCC3E174CC28DA1ACF2 /* CMake Rules */,
			);
			dependencies = (
			);
			name = ZERO_CHECK;
			productName = ZERO_CHECK;
		};
/* End PBXAggregateTarget section */

/* Begin PBXBuildFile section */
		0291889A621B4BC2A2D10576 /* /Users/fei/Documents/homework/com_graph/HCI-557-CG/02_Programming_and_3D_Modeling/HCI557Common.cpp */ = {isa = PBXBuildFile; fileRef = 6A97C7F2862C44A1A1138B8F /* /Users/fei/Documents/homework/com_graph/HCI-557-CG/02_Programming_and_3D_Modeling/HCI557Common.cpp */; settings = {COMPILER_FLAGS = ""; }; };
		2D66C5A2F8F641E689B18CB4 /* /Users/fei/Documents/homework/com_graph/HCI-557-CG/02_Programming_and_3D_Modeling/controls.cpp */ = {isa = PBXBuildFile; fileRef = 9A891EC32E1F4DEC86DC43D4 /* /Users/fei/Documents/homework/com_graph/HCI-557-CG/02_Programming_and_3D_Modeling/controls.cpp */; settings = {COMPILER_FLAGS = ""; }; };
		2E8C2FE853384257A9AD839F /* /Users/fei/Documents/homework/com_graph/HCI-557-CG/02_Programming_and_3D_Modeling/HCI557Common.h */ = {isa = PBXBuildFile; fileRef = 7F85990E9FE44AA0ACDB1AD0 /* /Users/fei/Documents/homework/com_graph/HCI-557-CG/02_Programming_and_3D_Modeling/HCI557Common.h */; settings = {COMPILER_FLAGS = ""; }; };
		62B79D25D9F0475DAD2EE367 /* /Users/fei/Documents/homework/com_graph/HCI-557-CG/02_Programming_and_3D_Modeling/CMakeLists.txt */ = {isa = PBXBuildFile; fileRef = 71787231FF46498597DA0E9A /* /Users/fei/Documents/homework/com_graph/HCI-557-CG/02_Programming_and_3D_Modeling/CMakeLists.txt */; settings = {COMPILER_FLAGS = ""; }; };
		89017319D3084CA0A6C5345E /* /Users/fei/Documents/homework/com_graph/HCI-557-CG/02_Programming_and_3D_Modeling/hw2_main.cpp */ = {isa = PBXBuildFile; fileRef = 6D9029A335BA4F0C8F03A304 /* /Users/fei/Documents/homework/com_graph/HCI-557-CG/02_Programming_and_3D_Modeling/hw2_main.cpp */; settings = {COMPILER_FLAGS = ""; }; };
		F3857F47B88E46E2A9AD9686 /* /Users/fei/Documents/homework/com_graph/HCI-557-CG/02_Programming_and_3D_Modeling/controls.h */ = {isa = PBXBuildFile; fileRef = 2DD4F7F0EB104172BEF8AD69 /* /Users/fei/Documents/homework/com_graph/HCI-557-CG/02_Programming_and_3D_Modeling/controls.h */; settings = {COMPILER_FLAGS = ""; }; };
/* End PBXBuildFile section */

/* Begin PBXBuildStyle section */
		17CC2DE05A00454194C94D85 = {
			isa = PBXBuildStyle;
		};
		7F61311CDFFC425A8E1E9B73 /* RelWithDebInfo */ = {
			isa = PBXBuildStyle;
			buildSettings = {
				COPY_PHASE_STRIP = NO;
			};
			name = RelWithDebInfo;
		};
		99D8034B349F4FDDBF1425D5 /* Debug */ = {
			isa = PBXBuildStyle;
			buildSettings = {
				COPY_PHASE_STRIP = NO;
			};
			name = Debug;
		};
		D4FD057AAEDB49EDB9A03B69 /* Release */ = {
			isa = PBXBuildStyle;
			buildSettings = {
				COPY_PHASE_STRIP = NO;
			};
			name = Release;
		};
		EC80B70B2B3F42378BDAB783 /* MinSizeRel */ = {
			isa = PBXBuildStyle;
			buildSettings = {
				COPY_PHASE_STRIP = NO;
			};
			name = MinSizeRel;
		};
/* End PBXBuildStyle section */

/* Begin PBXContainerItemProxy section */
		2B84E10681E1458D9C39EC20 /* PBXContainerItemProxy */ = {
			isa = PBXContainerItemProxy;
			containerPortal = 30D5D63EFA7E42B482520717 /* Project object */;
			proxyType = 1;
			remoteGlobalIDString = 5EE659753287409594053369;
			remoteInfo = ZERO_CHECK;
		};
		A41CD5AF09DD4DE0A44A183C /* PBXContainerItemProxy */ = {
			isa = PBXContainerItemProxy;
			containerPortal = 30D5D63EFA7E42B482520717 /* Project object */;
			proxyType = 1;
			remoteGlobalIDString = DF7F52CEE07E4E58A03A67D1;
			remoteInfo = HW2_Program;
		};
		DA406016D3F3463C9DC57F9D /* PBXContainerItemProxy */ = {
			isa = PBXContainerItemProxy;
			containerPortal = 30D5D63EFA7E42B482520717 /* Project object */;
			proxyType = 1;
			remoteGlobalIDString = 5EE659753287409594053369;
			remoteInfo = ZERO_CHECK;
		};
/* End PBXContainerItemProxy section */

/* Begin PBXFileReference section */
		1E04E589F9E046F291192441 /* /Users/fei/Documents/homework/com_graph/HCI-557-CG/02_Programming_and_3D_Modeling/CMakeLists.txt */ = {isa = PBXFileReference; explicitFileType = sourcecode.text; fileEncoding = 4; name = CMakeLists.txt; path = CMakeLists.txt; sourceTree = SOURCE_ROOT; };
		242D7B3C949B46A08C6F64EB /* /Users/fei/Documents/homework/com_graph/HCI-557-CG/02_Programming_and_3D_Modeling/CMakeLists.txt */ = {isa = PBXFileReference; explicitFileType = sourcecode.text; fileEncoding = 4; name = CMakeLists.txt; path = CMakeLists.txt; sourceTree = SOURCE_ROOT; };
		2618022CF93B41D884C5F5BF /* HW2_Program */ = {isa = PBXFileReference; explicitFileType = "compiled.mach-o.executable"; path = HW2_Program; refType = 0; sourceTree = BUILT_PRODUCTS_DIR; };
		2DD4F7F0EB104172BEF8AD69 /* /Users/fei/Documents/homework/com_graph/HCI-557-CG/02_Programming_and_3D_Modeling/controls.h */ = {isa = PBXFileReference; explicitFileType = sourcecode.c.h; fileEncoding = 4; name = controls.h; path = controls.h; sourceTree = SOURCE_ROOT; };
		6A97C7F2862C44A1A1138B8F /* /Users/fei/Documents/homework/com_graph/HCI-557-CG/02_Programming_and_3D_Modeling/HCI557Common.cpp */ = {isa = PBXFileReference; explicitFileType = sourcecode.cpp.cpp; fileEncoding = 4; name = HCI557Common.cpp; path = HCI557Common.cpp; sourceTree = SOURCE_ROOT; };
		6D9029A335BA4F0C8F03A304 /* /Users/fei/Documents/homework/com_graph/HCI-557-CG/02_Programming_and_3D_Modeling/hw2_main.cpp */ = {isa = PBXFileReference; explicitFileType = sourcecode.cpp.cpp; fileEncoding = 4; name = hw2_main.cpp; path = hw2_main.cpp; sourceTree = SOURCE_ROOT; };
		71787231FF46498597DA0E9A /* /Users/fei/Documents/homework/com_graph/HCI-557-CG/02_Programming_and_3D_Modeling/CMakeLists.txt */ = {isa = PBXFileReference; explicitFileType = sourcecode.text; fileEncoding = 4; name = CMakeLists.txt; path = CMakeLists.txt; sourceTree = SOURCE_ROOT; };
		7F85990E9FE44AA0ACDB1AD0 /* /Users/fei/Documents/homework/com_graph/HCI-557-CG/02_Programming_and_3D_Modeling/HCI557Common.h */ = {isa = PBXFileReference; explicitFileType = sourcecode.c.h; fileEncoding = 4; name = HCI557Common.h; path = HCI557Common.h; sourceTree = SOURCE_ROOT; };
		9A891EC32E1F4DEC86DC43D4 /* /Users/fei/Documents/homework/com_graph/HCI-557-CG/02_Programming_and_3D_Modeling/controls.cpp */ = {isa = PBXFileReference; explicitFileType = sourcecode.cpp.cpp; fileEncoding = 4; name = controls.cpp; path = controls.cpp; sourceTree = SOURCE_ROOT; };
/* End PBXFileReference section */

/* Begin PBXGroup section */
		3DB4AFC0A84944F6A7E0289B /* CMake Rules */ = {
			isa = PBXGroup;
			children = (
			);
			name = "CMake Rules";
			sourceTree = "<group>";
		};
		40B2A25A432F4A29939DB9DA /* HW2_Program */ = {
			isa = PBXGroup;
			children = (
				CADFD77D6BF94D02B9C7EEE3 /* Source Files */,
				FC14763F3A054CB2A0005576 /* Header Files */,
				71787231FF46498597DA0E9A /* /Users/fei/Documents/homework/com_graph/HCI-557-CG/02_Programming_and_3D_Modeling/CMakeLists.txt */,
			);
			name = HW2_Program;
			sourceTree = "<group>";
		};
		4B33637FD76342ED8CB6E091 /* Products */ = {
			isa = PBXGroup;
			children = (
				2618022CF93B41D884C5F5BF /* HW2_Program */,
			);
			name = Products;
			sourceTree = "<group>";
		};
		6B65E3674A7E4690ADE31CE0 /* Resources */ = {
			isa = PBXGroup;
			children = (
			);
			name = Resources;
			sourceTree = "<group>";
		};
		6CB7B87FD17745D8AB03F90A /* ALL_BUILD */ = {
			isa = PBXGroup;
			children = (
				C75DE92015E74B31A538092F /* CMake Rules */,
				1E04E589F9E046F291192441 /* /Users/fei/Documents/homework/com_graph/HCI-557-CG/02_Programming_and_3D_Modeling/CMakeLists.txt */,
			);
			name = ALL_BUILD;
			sourceTree = "<group>";
		};
		B8858EC713864635A48D5E86 /* Sources */ = {
			isa = PBXGroup;
			children = (
				6CB7B87FD17745D8AB03F90A /* ALL_BUILD */,
				FEF30E2AA42E41A98601FFA6 /* ZERO_CHECK */,
				40B2A25A432F4A29939DB9DA /* HW2_Program */,
			);
			name = Sources;
			sourceTree = "<group>";
		};
		C75DE92015E74B31A538092F /* CMake Rules */ = {
			isa = PBXGroup;
			children = (
			);
			name = "CMake Rules";
			sourceTree = "<group>";
		};
		CADFD77D6BF94D02B9C7EEE3 /* Source Files */ = {
			isa = PBXGroup;
			children = (
				6A97C7F2862C44A1A1138B8F /* /Users/fei/Documents/homework/com_graph/HCI-557-CG/02_Programming_and_3D_Modeling/HCI557Common.cpp */,
				9A891EC32E1F4DEC86DC43D4 /* /Users/fei/Documents/homework/com_graph/HCI-557-CG/02_Programming_and_3D_Modeling/controls.cpp */,
				6D9029A335BA4F0C8F03A304 /* /Users/fei/Documents/homework/com_graph/HCI-557-CG/02_Programming_and_3D_Modeling/hw2_main.cpp */,
			);
			name = "Source Files";
			sourceTree = "<group>";
		};
		EF8041EE097043EEA5D5225E = {
			isa = PBXGroup;
			children = (
				B8858EC713864635A48D5E86 /* Sources */,
				6B65E3674A7E4690ADE31CE0 /* Resources */,
				4B33637FD76342ED8CB6E091 /* Products */,
			);
			sourceTree = "<group>";
		};
		FC14763F3A054CB2A0005576 /* Header Files */ = {
			isa = PBXGroup;
			children = (
				7F85990E9FE44AA0ACDB1AD0 /* /Users/fei/Documents/homework/com_graph/HCI-557-CG/02_Programming_and_3D_Modeling/HCI557Common.h */,
				2DD4F7F0EB104172BEF8AD69 /* /Users/fei/Documents/homework/com_graph/HCI-557-CG/02_Programming_and_3D_Modeling/controls.h */,
			);
			name = "Header Files";
			sourceTree = "<group>";
		};
		FEF30E2AA42E41A98601FFA6 /* ZERO_CHECK */ = {
			isa = PBXGroup;
			children = (
				3DB4AFC0A84944F6A7E0289B /* CMake Rules */,
				242D7B3C949B46A08C6F64EB /* /Users/fei/Documents/homework/com_graph/HCI-557-CG/02_Programming_and_3D_Modeling/CMakeLists.txt */,
			);
			name = ZERO_CHECK;
			sourceTree = "<group>";
		};
/* End PBXGroup section */

/* Begin PBXNativeTarget section */
		DF7F52CEE07E4E58A03A67D1 /* HW2_Program */ = {
			isa = PBXNativeTarget;
			buildConfigurationList = BDDC5D9DF43F4FE28E560540 /* Build configuration list for PBXNativeTarget "HW2_Program" */;
			buildPhases = (
				C1C2FD677FEB41C9934EA48E /* Sources */,
			);
			buildRules = (
			);
			dependencies = (
				7F5711A4EEB0416491F6A8D1 /* PBXTargetDependency */,
			);
			name = HW2_Program;
			productName = HW2_Program;
			productReference = 2618022CF93B41D884C5F5BF /* HW2_Program */;
			productType = "com.apple.product-type.tool";
		};
/* End PBXNativeTarget section */

/* Begin PBXProject section */
		30D5D63EFA7E42B482520717 /* Project object */ = {
			isa = PBXProject;
			attributes = {
				BuildIndependentTargetsInParallel = YES;
			};
			buildConfigurationList = 9145A4BAEF6C4CC7A0650D0B /* Build configuration list for PBXProject "HW2_Program" */;
			buildSettings = {
			};
			buildStyles = (
				99D8034B349F4FDDBF1425D5 /* Debug */,
				D4FD057AAEDB49EDB9A03B69 /* Release */,
				EC80B70B2B3F42378BDAB783 /* MinSizeRel */,
				7F61311CDFFC425A8E1E9B73 /* RelWithDebInfo */,
			);
			compatibilityVersion = "Xcode 3.2";
			hasScannedForEncodings = 0;
			mainGroup = EF8041EE097043EEA5D5225E;
			projectDirPath = .;
			projectRoot = "";
			targets = (
				1C1831DA70DA48E2BABADDAE /* ALL_BUILD */,
				DF7F52CEE07E4E58A03A67D1 /* HW2_Program */,
				5EE659753287409594053369 /* ZERO_CHECK */,
			);
		};
/* End PBXProject section */

/* Begin PBXShellScriptBuildPhase section */
		375A3BCC3E174CC28DA1ACF2 /* CMake Rules */ = {
			isa = PBXShellScriptBuildPhase;
			buildActionMask = 2147483647;
			files = (
			);
			name = "CMake Rules";
			runOnlyForDeploymentPostprocessing = 0;
			shellPath = /bin/sh;
			shellScript = "make -C /Users/fei/Documents/homework/com_graph/HCI-557-CG/02_Programming_and_3D_Modeling -f /Users/fei/Documents/homework/com_graph/HCI-557-CG/02_Programming_and_3D_Modeling/CMakeScripts/ZERO_CHECK_cmakeRulesBuildPhase.make$CONFIGURATION all";
			showEnvVarsInLog = 0;
		};
		BFC9D671B2E94F5E84CDA38F = {
			isa = PBXShellScriptBuildPhase;
			buildActionMask = 2147483647;
			files = (
			);
			inputPaths = (
			);
			outputPaths = (
			);
			runOnlyForDeploymentPostprocessing = 0;
			shellPath = /bin/sh;
			shellScript = "# shell script goes here
exit 0";
			showEnvVarsInLog = 0;
		};
		C548755BAB224508B3B8EE21 = {
			isa = PBXShellScriptBuildPhase;
			buildActionMask = 2147483647;
			files = (
			);
			inputPaths = (
			);
			outputPaths = (
			);
			runOnlyForDeploymentPostprocessing = 0;
			shellPath = /bin/sh;
			shellScript = "# shell script goes here
exit 0";
			showEnvVarsInLog = 0;
		};
		E0947338F25E4CD5A1EE9611 /* CMake Rules */ = {
			isa = PBXShellScriptBuildPhase;
			buildActionMask = 2147483647;
			files = (
			);
			name = "CMake Rules";
			runOnlyForDeploymentPostprocessing = 0;
			shellPath = /bin/sh;
			shellScript = "make -C /Users/fei/Documents/homework/com_graph/HCI-557-CG/02_Programming_and_3D_Modeling -f /Users/fei/Documents/homework/com_graph/HCI-557-CG/02_Programming_and_3D_Modeling/CMakeScripts/ALL_BUILD_cmakeRulesBuildPhase.make$CONFIGURATION all";
			showEnvVarsInLog = 0;
		};
/* End PBXShellScriptBuildPhase section */

/* Begin PBXSourcesBuildPhase section */
		C1C2FD677FEB41C9934EA48E /* Sources */ = {
			isa = PBXSourcesBuildPhase;
			buildActionMask = 2147483647;
			files = (
				0291889A621B4BC2A2D10576 /* /Users/fei/Documents/homework/com_graph/HCI-557-CG/02_Programming_and_3D_Modeling/HCI557Common.cpp */,
				2D66C5A2F8F641E689B18CB4 /* /Users/fei/Documents/homework/com_graph/HCI-557-CG/02_Programming_and_3D_Modeling/controls.cpp */,
				89017319D3084CA0A6C5345E /* /Users/fei/Documents/homework/com_graph/HCI-557-CG/02_Programming_and_3D_Modeling/hw2_main.cpp */,
			);
			runOnlyForDeploymentPostprocessing = 0;
		};
/* End PBXSourcesBuildPhase section */

/* Begin PBXTargetDependency section */
		4C5255467D2F4C588B0FCFC6 /* PBXTargetDependency */ = {
			isa = PBXTargetDependency;
			target = DF7F52CEE07E4E58A03A67D1 /* HW2_Program */;
			targetProxy = A41CD5AF09DD4DE0A44A183C /* PBXContainerItemProxy */;
		};
		762B49807D804A1DBAA6AAD3 /* PBXTargetDependency */ = {
			isa = PBXTargetDependency;
			target = 5EE659753287409594053369 /* ZERO_CHECK */;
			targetProxy = DA406016D3F3463C9DC57F9D /* PBXContainerItemProxy */;
		};
		7F5711A4EEB0416491F6A8D1 /* PBXTargetDependency */ = {
			isa = PBXTargetDependency;
			target = 5EE659753287409594053369 /* ZERO_CHECK */;
			targetProxy = 2B84E10681E1458D9C39EC20 /* PBXContainerItemProxy */;
		};
/* End PBXTargetDependency section */

/* Begin XCBuildConfiguration section */
		12018D94B01945B091AC3482 /* MinSizeRel */ = {
			isa = XCBuildConfiguration;
			buildSettings = {
				COMBINE_HIDPI_IMAGES = YES;
				EXECUTABLE_PREFIX = "";
				EXECUTABLE_SUFFIX = "";
				FRAMEWORK_SEARCH_PATHS = (/Applications/Xcode.app/Contents/Developer/Platforms/MacOSX.platform/Developer/SDKs/MacOSX10.10.sdk/System/Library/Frameworks, );
				GCC_GENERATE_DEBUGGING_SYMBOLS = NO;
				GCC_INLINES_ARE_PRIVATE_EXTERN = NO;
				GCC_OPTIMIZATION_LEVEL = s;
				GCC_PREPROCESSOR_DEFINITIONS = ("'CMAKE_INTDIR=\"$(CONFIGURATION)$(EFFECTIVE_PLATFORM_NAME)\"'", );
				GCC_SYMBOLS_PRIVATE_EXTERN = NO;
				HEADER_SEARCH_PATHS = (/usr/local/include, "/Users/fei/Documents/homework/com_graph/HCI-557-CG/SDK/include", );
				INSTALL_PATH = "";
				LIBRARY_SEARCH_PATHS = "";
				OTHER_CPLUSPLUSFLAGS = "    -DNDEBUG  ";
				OTHER_LDFLAGS = " -Wl,-search_paths_first -Wl,-headerpad_max_install_names  /usr/local/lib/libGLEW.dylib /usr/local/lib/libglfw3.3.1.dylib -framework AGL -framework OpenGL -framework AGL -framework OpenGL";
				OTHER_REZFLAGS = "";
				PRODUCT_NAME = HW2_Program;
				SECTORDER_FLAGS = "";
				SYMROOT = "/Users/fei/Documents/homework/com_graph/HCI-557-CG/02_Programming_and_3D_Modeling";
				USE_HEADERMAP = NO;
				WARNING_CFLAGS = ("-Wmost", "-Wno-four-char-constants", "-Wno-unknown-pragmas", "$(inherited)", );
			};
			name = MinSizeRel;
		};
		2A1777B773344D40A7F58C25 /* MinSizeRel */ = {
			isa = XCBuildConfiguration;
			buildSettings = {
				COMBINE_HIDPI_IMAGES = YES;
				FRAMEWORK_SEARCH_PATHS = (/Applications/Xcode.app/Contents/Developer/Platforms/MacOSX.platform/Developer/SDKs/MacOSX10.10.sdk/System/Library/Frameworks, );
				GCC_GENERATE_DEBUGGING_SYMBOLS = YES;
				GCC_INLINES_ARE_PRIVATE_EXTERN = NO;
				GCC_OPTIMIZATION_LEVEL = 0;
				GCC_PREPROCESSOR_DEFINITIONS = ("'CMAKE_INTDIR=\"$(CONFIGURATION)$(EFFECTIVE_PLATFORM_NAME)\"'", );
				GCC_SYMBOLS_PRIVATE_EXTERN = NO;
				HEADER_SEARCH_PATHS = (/usr/local/include, "/Users/fei/Documents/homework/com_graph/HCI-557-CG/SDK/include", );
				INSTALL_PATH = "";
				OTHER_LDFLAGS = " ";
				OTHER_REZFLAGS = "";
				PRODUCT_NAME = ZERO_CHECK;
				SECTORDER_FLAGS = "";
				SYMROOT = "/Users/fei/Documents/homework/com_graph/HCI-557-CG/02_Programming_and_3D_Modeling";
				USE_HEADERMAP = NO;
				WARNING_CFLAGS = ("-Wmost", "-Wno-four-char-constants", "-Wno-unknown-pragmas", "$(inherited)", );
			};
			name = MinSizeRel;
		};
		337FE45D5E7049C0A1764637 /* Debug */ = {
			isa = XCBuildConfiguration;
			buildSettings = {
				COMBINE_HIDPI_IMAGES = YES;
				FRAMEWORK_SEARCH_PATHS = (/Applications/Xcode.app/Contents/Developer/Platforms/MacOSX.platform/Developer/SDKs/MacOSX10.10.sdk/System/Library/Frameworks, );
				GCC_GENERATE_DEBUGGING_SYMBOLS = YES;
				GCC_INLINES_ARE_PRIVATE_EXTERN = NO;
				GCC_OPTIMIZATION_LEVEL = 0;
				GCC_PREPROCESSOR_DEFINITIONS = ("'CMAKE_INTDIR=\"$(CONFIGURATION)$(EFFECTIVE_PLATFORM_NAME)\"'", );
				GCC_SYMBOLS_PRIVATE_EXTERN = NO;
				HEADER_SEARCH_PATHS = (/usr/local/include, "/Users/fei/Documents/homework/com_graph/HCI-557-CG/SDK/include", );
				INSTALL_PATH = "";
				OTHER_LDFLAGS = " ";
				OTHER_REZFLAGS = "";
				PRODUCT_NAME = ALL_BUILD;
				SECTORDER_FLAGS = "";
				SYMROOT = "/Users/fei/Documents/homework/com_graph/HCI-557-CG/02_Programming_and_3D_Modeling";
				USE_HEADERMAP = NO;
				WARNING_CFLAGS = ("-Wmost", "-Wno-four-char-constants", "-Wno-unknown-pragmas", "$(inherited)", );
			};
			name = Debug;
		};
		3417D61422DA4A199E917CBA /* Debug */ = {
			isa = XCBuildConfiguration;
			buildSettings = {
				COMBINE_HIDPI_IMAGES = YES;
				FRAMEWORK_SEARCH_PATHS = (/Applications/Xcode.app/Contents/Developer/Platforms/MacOSX.platform/Developer/SDKs/MacOSX10.10.sdk/System/Library/Frameworks, );
				GCC_GENERATE_DEBUGGING_SYMBOLS = YES;
				GCC_INLINES_ARE_PRIVATE_EXTERN = NO;
				GCC_OPTIMIZATION_LEVEL = 0;
				GCC_PREPROCESSOR_DEFINITIONS = ("'CMAKE_INTDIR=\"$(CONFIGURATION)$(EFFECTIVE_PLATFORM_NAME)\"'", );
				GCC_SYMBOLS_PRIVATE_EXTERN = NO;
				HEADER_SEARCH_PATHS = (/usr/local/include, "/Users/fei/Documents/homework/com_graph/HCI-557-CG/SDK/include", );
				INSTALL_PATH = "";
				OTHER_LDFLAGS = " ";
				OTHER_REZFLAGS = "";
				PRODUCT_NAME = ZERO_CHECK;
				SECTORDER_FLAGS = "";
				SYMROOT = "/Users/fei/Documents/homework/com_graph/HCI-557-CG/02_Programming_and_3D_Modeling";
				USE_HEADERMAP = NO;
				WARNING_CFLAGS = ("-Wmost", "-Wno-four-char-constants", "-Wno-unknown-pragmas", "$(inherited)", );
			};
			name = Debug;
		};
		3FC3394152AE423B89A4F86E /* Debug */ = {
			isa = XCBuildConfiguration;
			buildSettings = {
				COMBINE_HIDPI_IMAGES = YES;
				EXECUTABLE_PREFIX = "";
				EXECUTABLE_SUFFIX = "";
				FRAMEWORK_SEARCH_PATHS = (/Applications/Xcode.app/Contents/Developer/Platforms/MacOSX.platform/Developer/SDKs/MacOSX10.10.sdk/System/Library/Frameworks, );
				GCC_GENERATE_DEBUGGING_SYMBOLS = YES;
				GCC_INLINES_ARE_PRIVATE_EXTERN = NO;
				GCC_OPTIMIZATION_LEVEL = 0;
				GCC_PREPROCESSOR_DEFINITIONS = ("'CMAKE_INTDIR=\"$(CONFIGURATION)$(EFFECTIVE_PLATFORM_NAME)\"'", );
				GCC_SYMBOLS_PRIVATE_EXTERN = NO;
				HEADER_SEARCH_PATHS = (/usr/local/include, "/Users/fei/Documents/homework/com_graph/HCI-557-CG/SDK/include", );
				INSTALL_PATH = "";
				LIBRARY_SEARCH_PATHS = "";
				OTHER_CPLUSPLUSFLAGS = "    ";
				OTHER_LDFLAGS = " -Wl,-search_paths_first -Wl,-headerpad_max_install_names  /usr/local/lib/libGLEW.dylib /usr/local/lib/libglfw3.3.1.dylib -framework AGL -framework OpenGL -framework AGL -framework OpenGL";
				OTHER_REZFLAGS = "";
				PRODUCT_NAME = HW2_Program;
				SECTORDER_FLAGS = "";
				SYMROOT = "/Users/fei/Documents/homework/com_graph/HCI-557-CG/02_Programming_and_3D_Modeling";
				USE_HEADERMAP = NO;
				WARNING_CFLAGS = ("-Wmost", "-Wno-four-char-constants", "-Wno-unknown-pragmas", "$(inherited)", );
			};
			name = Debug;
		};
		51E6B4959EB54E5FB15EC006 /* Release */ = {
			isa = XCBuildConfiguration;
			buildSettings = {
				COMBINE_HIDPI_IMAGES = YES;
				FRAMEWORK_SEARCH_PATHS = (/Applications/Xcode.app/Contents/Developer/Platforms/MacOSX.platform/Developer/SDKs/MacOSX10.10.sdk/System/Library/Frameworks, );
				GCC_GENERATE_DEBUGGING_SYMBOLS = YES;
				GCC_INLINES_ARE_PRIVATE_EXTERN = NO;
				GCC_OPTIMIZATION_LEVEL = 0;
				GCC_PREPROCESSOR_DEFINITIONS = ("'CMAKE_INTDIR=\"$(CONFIGURATION)$(EFFECTIVE_PLATFORM_NAME)\"'", );
				GCC_SYMBOLS_PRIVATE_EXTERN = NO;
				HEADER_SEARCH_PATHS = (/usr/local/include, "/Users/fei/Documents/homework/com_graph/HCI-557-CG/SDK/include", );
				INSTALL_PATH = "";
				OTHER_LDFLAGS = " ";
				OTHER_REZFLAGS = "";
				PRODUCT_NAME = ZERO_CHECK;
				SECTORDER_FLAGS = "";
				SYMROOT = "/Users/fei/Documents/homework/com_graph/HCI-557-CG/02_Programming_and_3D_Modeling";
				USE_HEADERMAP = NO;
				WARNING_CFLAGS = ("-Wmost", "-Wno-four-char-constants", "-Wno-unknown-pragmas", "$(inherited)", );
			};
			name = Release;
		};
		524720AEE7174927845BE092 /* MinSizeRel */ = {
			isa = XCBuildConfiguration;
			buildSettings = {
				ONLY_ACTIVE_ARCH = YES;
				SDKROOT = /Applications/Xcode.app/Contents/Developer/Platforms/MacOSX.platform/Developer/SDKs/MacOSX10.10.sdk;
				SYMROOT = "/Users/fei/Documents/homework/com_graph/HCI-557-CG/02_Programming_and_3D_Modeling/build";
			};
			name = MinSizeRel;
		};
		5625119B41BF4AB2B50A663F /* Release */ = {
			isa = XCBuildConfiguration;
			buildSettings = {
				ONLY_ACTIVE_ARCH = YES;
				SDKROOT = /Applications/Xcode.app/Contents/Developer/Platforms/MacOSX.platform/Developer/SDKs/MacOSX10.10.sdk;
				SYMROOT = "/Users/fei/Documents/homework/com_graph/HCI-557-CG/02_Programming_and_3D_Modeling/build";
			};
			name = Release;
		};
		596D829051224FE883FFD1BB /* RelWithDebInfo */ = {
			isa = XCBuildConfiguration;
			buildSettings = {
				ONLY_ACTIVE_ARCH = YES;
				SDKROOT = /Applications/Xcode.app/Contents/Developer/Platforms/MacOSX.platform/Developer/SDKs/MacOSX10.10.sdk;
				SYMROOT = "/Users/fei/Documents/homework/com_graph/HCI-557-CG/02_Programming_and_3D_Modeling/build";
			};
			name = RelWithDebInfo;
		};
		6D81BB6AD0F74E5FABE7A231 /* Release */ = {
			isa = XCBuildConfiguration;
			buildSettings = {
				COMBINE_HIDPI_IMAGES = YES;
				FRAMEWORK_SEARCH_PATHS = (/Applications/Xcode.app/Contents/Developer/Platforms/MacOSX.platform/Developer/SDKs/MacOSX10.10.sdk/System/Library/Frameworks, );
				GCC_GENERATE_DEBUGGING_SYMBOLS = YES;
				GCC_INLINES_ARE_PRIVATE_EXTERN = NO;
				GCC_OPTIMIZATION_LEVEL = 0;
				GCC_PREPROCESSOR_DEFINITIONS = ("'CMAKE_INTDIR=\"$(CONFIGURATION)$(EFFECTIVE_PLATFORM_NAME)\"'", );
				GCC_SYMBOLS_PRIVATE_EXTERN = NO;
				HEADER_SEARCH_PATHS = (/usr/local/include, "/Users/fei/Documents/homework/com_graph/HCI-557-CG/SDK/include", );
				INSTALL_PATH = "";
				OTHER_LDFLAGS = " ";
				OTHER_REZFLAGS = "";
				PRODUCT_NAME = ALL_BUILD;
				SECTORDER_FLAGS = "";
				SYMROOT = "/Users/fei/Documents/homework/com_graph/HCI-557-CG/02_Programming_and_3D_Modeling";
				USE_HEADERMAP = NO;
				WARNING_CFLAGS = ("-Wmost", "-Wno-four-char-constants", "-Wno-unknown-pragmas", "$(inherited)", );
			};
			name = Release;
		};
		82B2C71E5CE34C68B9E07558 /* RelWithDebInfo */ = {
			isa = XCBuildConfiguration;
			buildSettings = {
				COMBINE_HIDPI_IMAGES = YES;
				FRAMEWORK_SEARCH_PATHS = (/Applications/Xcode.app/Contents/Developer/Platforms/MacOSX.platform/Developer/SDKs/MacOSX10.10.sdk/System/Library/Frameworks, );
				GCC_GENERATE_DEBUGGING_SYMBOLS = YES;
				GCC_INLINES_ARE_PRIVATE_EXTERN = NO;
				GCC_OPTIMIZATION_LEVEL = 0;
				GCC_PREPROCESSOR_DEFINITIONS = ("'CMAKE_INTDIR=\"$(CONFIGURATION)$(EFFECTIVE_PLATFORM_NAME)\"'", );
				GCC_SYMBOLS_PRIVATE_EXTERN = NO;
				HEADER_SEARCH_PATHS = (/usr/local/include, "/Users/fei/Documents/homework/com_graph/HCI-557-CG/SDK/include", );
				INSTALL_PATH = "";
				OTHER_LDFLAGS = " ";
				OTHER_REZFLAGS = "";
				PRODUCT_NAME = ALL_BUILD;
				SECTORDER_FLAGS = "";
				SYMROOT = "/Users/fei/Documents/homework/com_graph/HCI-557-CG/02_Programming_and_3D_Modeling";
				USE_HEADERMAP = NO;
				WARNING_CFLAGS = ("-Wmost", "-Wno-four-char-constants", "-Wno-unknown-pragmas", "$(inherited)", );
			};
			name = RelWithDebInfo;
		};
		CFBBBADAF380410BAC36C336 /* MinSizeRel */ = {
			isa = XCBuildConfiguration;
			buildSettings = {
				COMBINE_HIDPI_IMAGES = YES;
				FRAMEWORK_SEARCH_PATHS = (/Applications/Xcode.app/Contents/Developer/Platforms/MacOSX.platform/Developer/SDKs/MacOSX10.10.sdk/System/Library/Frameworks, );
				GCC_GENERATE_DEBUGGING_SYMBOLS = YES;
				GCC_INLINES_ARE_PRIVATE_EXTERN = NO;
				GCC_OPTIMIZATION_LEVEL = 0;
				GCC_PREPROCESSOR_DEFINITIONS = ("'CMAKE_INTDIR=\"$(CONFIGURATION)$(EFFECTIVE_PLATFORM_NAME)\"'", );
				GCC_SYMBOLS_PRIVATE_EXTERN = NO;
				HEADER_SEARCH_PATHS = (/usr/local/include, "/Users/fei/Documents/homework/com_graph/HCI-557-CG/SDK/include", );
				INSTALL_PATH = "";
				OTHER_LDFLAGS = " ";
				OTHER_REZFLAGS = "";
				PRODUCT_NAME = ALL_BUILD;
				SECTORDER_FLAGS = "";
				SYMROOT = "/Users/fei/Documents/homework/com_graph/HCI-557-CG/02_Programming_and_3D_Modeling";
				USE_HEADERMAP = NO;
				WARNING_CFLAGS = ("-Wmost", "-Wno-four-char-constants", "-Wno-unknown-pragmas", "$(inherited)", );
			};
			name = MinSizeRel;
		};
		DC9F8EC23BA2447D964B5980 /* Release */ = {
			isa = XCBuildConfiguration;
			buildSettings = {
				COMBINE_HIDPI_IMAGES = YES;
				EXECUTABLE_PREFIX = "";
				EXECUTABLE_SUFFIX = "";
				FRAMEWORK_SEARCH_PATHS = (/Applications/Xcode.app/Contents/Developer/Platforms/MacOSX.platform/Developer/SDKs/MacOSX10.10.sdk/System/Library/Frameworks, );
				GCC_GENERATE_DEBUGGING_SYMBOLS = NO;
				GCC_INLINES_ARE_PRIVATE_EXTERN = NO;
				GCC_OPTIMIZATION_LEVEL = 3;
				GCC_PREPROCESSOR_DEFINITIONS = ("'CMAKE_INTDIR=\"$(CONFIGURATION)$(EFFECTIVE_PLATFORM_NAME)\"'", );
				GCC_SYMBOLS_PRIVATE_EXTERN = NO;
				HEADER_SEARCH_PATHS = (/usr/local/include, "/Users/fei/Documents/homework/com_graph/HCI-557-CG/SDK/include", );
				INSTALL_PATH = "";
				LIBRARY_SEARCH_PATHS = "";
				OTHER_CPLUSPLUSFLAGS = "    -DNDEBUG  ";
				OTHER_LDFLAGS = " -Wl,-search_paths_first -Wl,-headerpad_max_install_names  /usr/local/lib/libGLEW.dylib /usr/local/lib/libglfw3.3.1.dylib -framework AGL -framework OpenGL -framework AGL -framework OpenGL";
				OTHER_REZFLAGS = "";
				PRODUCT_NAME = HW2_Program;
				SECTORDER_FLAGS = "";
				SYMROOT = "/Users/fei/Documents/homework/com_graph/HCI-557-CG/02_Programming_and_3D_Modeling";
				USE_HEADERMAP = NO;
				WARNING_CFLAGS = ("-Wmost", "-Wno-four-char-constants", "-Wno-unknown-pragmas", "$(inherited)", );
			};
			name = Release;
		};
		E2B50F95734145BCA181B0B2 /* RelWithDebInfo */ = {
			isa = XCBuildConfiguration;
			buildSettings = {
				COMBINE_HIDPI_IMAGES = YES;
				FRAMEWORK_SEARCH_PATHS = (/Applications/Xcode.app/Contents/Developer/Platforms/MacOSX.platform/Developer/SDKs/MacOSX10.10.sdk/System/Library/Frameworks, );
				GCC_GENERATE_DEBUGGING_SYMBOLS = YES;
				GCC_INLINES_ARE_PRIVATE_EXTERN = NO;
				GCC_OPTIMIZATION_LEVEL = 0;
				GCC_PREPROCESSOR_DEFINITIONS = ("'CMAKE_INTDIR=\"$(CONFIGURATION)$(EFFECTIVE_PLATFORM_NAME)\"'", );
				GCC_SYMBOLS_PRIVATE_EXTERN = NO;
				HEADER_SEARCH_PATHS = (/usr/local/include, "/Users/fei/Documents/homework/com_graph/HCI-557-CG/SDK/include", );
				INSTALL_PATH = "";
				OTHER_LDFLAGS = " ";
				OTHER_REZFLAGS = "";
				PRODUCT_NAME = ZERO_CHECK;
				SECTORDER_FLAGS = "";
				SYMROOT = "/Users/fei/Documents/homework/com_graph/HCI-557-CG/02_Programming_and_3D_Modeling";
				USE_HEADERMAP = NO;
				WARNING_CFLAGS = ("-Wmost", "-Wno-four-char-constants", "-Wno-unknown-pragmas", "$(inherited)", );
			};
			name = RelWithDebInfo;
		};
		EC1E076466B44071857F8BE6 /* Debug */ = {
			isa = XCBuildConfiguration;
			buildSettings = {
				ONLY_ACTIVE_ARCH = YES;
				SDKROOT = /Applications/Xcode.app/Contents/Developer/Platforms/MacOSX.platform/Developer/SDKs/MacOSX10.10.sdk;
				SYMROOT = "/Users/fei/Documents/homework/com_graph/HCI-557-CG/02_Programming_and_3D_Modeling/build";
			};
			name = Debug;
		};
		FF7801816A3B41889CD9C095 /* RelWithDebInfo */ = {
			isa = XCBuildConfiguration;
			buildSettings = {
				COMBINE_HIDPI_IMAGES = YES;
				EXECUTABLE_PREFIX = "";
				EXECUTABLE_SUFFIX = "";
				FRAMEWORK_SEARCH_PATHS = (/Applications/Xcode.app/Contents/Developer/Platforms/MacOSX.platform/Developer/SDKs/MacOSX10.10.sdk/System/Library/Frameworks, );
				GCC_GENERATE_DEBUGGING_SYMBOLS = YES;
				GCC_INLINES_ARE_PRIVATE_EXTERN = NO;
				GCC_OPTIMIZATION_LEVEL = 2;
				GCC_PREPROCESSOR_DEFINITIONS = ("'CMAKE_INTDIR=\"$(CONFIGURATION)$(EFFECTIVE_PLATFORM_NAME)\"'", );
				GCC_SYMBOLS_PRIVATE_EXTERN = NO;
				HEADER_SEARCH_PATHS = (/usr/local/include, "/Users/fei/Documents/homework/com_graph/HCI-557-CG/SDK/include", );
				INSTALL_PATH = "";
				LIBRARY_SEARCH_PATHS = "";
				OTHER_CPLUSPLUSFLAGS = "       -DNDEBUG  ";
				OTHER_LDFLAGS = " -Wl,-search_paths_first -Wl,-headerpad_max_install_names  /usr/local/lib/libGLEW.dylib /usr/local/lib/libglfw3.3.1.dylib -framework AGL -framework OpenGL -framework AGL -framework OpenGL";
				OTHER_REZFLAGS = "";
				PRODUCT_NAME = HW2_Program;
				SECTORDER_FLAGS = "";
				SYMROOT = "/Users/fei/Documents/homework/com_graph/HCI-557-CG/02_Programming_and_3D_Modeling";
				USE_HEADERMAP = NO;
				WARNING_CFLAGS = ("-Wmost", "-Wno-four-char-constants", "-Wno-unknown-pragmas", "$(inherited)", );
			};
			name = RelWithDebInfo;
		};
/* End XCBuildConfiguration section */

/* Begin XCConfigurationList section */
		14AF666B91D2420BABE4B76A /* Build configuration list for PBXAggregateTarget "ALL_BUILD" */ = {
			isa = XCConfigurationList;
			buildConfigurations = (
				337FE45D5E7049C0A1764637 /* Debug */,
				6D81BB6AD0F74E5FABE7A231 /* Release */,
				CFBBBADAF380410BAC36C336 /* MinSizeRel */,
				82B2C71E5CE34C68B9E07558 /* RelWithDebInfo */,
			);
			defaultConfigurationIsVisible = 0;
			defaultConfigurationName = Debug;
		};
		4241A7B003D54C149FDF52C3 /* Build configuration list for PBXAggregateTarget "ZERO_CHECK" */ = {
			isa = XCConfigurationList;
			buildConfigurations = (
				3417D61422DA4A199E917CBA /* Debug */,
				51E6B4959EB54E5FB15EC006 /* Release */,
				2A1777B773344D40A7F58C25 /* MinSizeRel */,
				E2B50F95734145BCA181B0B2 /* RelWithDebInfo */,
			);
			defaultConfigurationIsVisible = 0;
			defaultConfigurationName = Debug;
		};
		9145A4BAEF6C4CC7A0650D0B /* Build configuration list for PBXProject "HW2_Program" */ = {
			isa = XCConfigurationList;
			buildConfigurations = (
				EC1E076466B44071857F8BE6 /* Debug */,
				5625119B41BF4AB2B50A663F /* Release */,
				524720AEE7174927845BE092 /* MinSizeRel */,
				596D829051224FE883FFD1BB /* RelWithDebInfo */,
			);
			defaultConfigurationIsVisible = 0;
			defaultConfigurationName = Debug;
		};
		BDDC5D9DF43F4FE28E560540 /* Build configuration list for PBXNativeTarget "HW2_Program" */ = {
			isa = XCConfigurationList;
			buildConfigurations = (
				3FC3394152AE423B89A4F86E /* Debug */,
				DC9F8EC23BA2447D964B5980 /* Release */,
				12018D94B01945B091AC3482 /* MinSizeRel */,
				FF7801816A3B41889CD9C095 /* RelWithDebInfo */,
			);
			defaultConfigurationIsVisible = 0;
			defaultConfigurationName = Debug;
		};
/* End XCConfigurationList section */
	};
	rootObject = 30D5D63EFA7E42B482520717 /* Project object */;
}
